
Microsoft Visual Studio Solution File, Format Version 12.00
# Visual Studio Version 17
VisualStudioVersion = 17.5.33424.131
MinimumVisualStudioVersion = 10.0.40219.1
Project("{FAE04EC0-301F-11D3-BF4B-00C04F79EFBC}") = "ProjectV1VB.UWP", "ProjectV1VB.UWP\ProjectV1VB.UWP.csproj", "{759DF6D6-7272-44E8-97B6-37A7F48AE05F}"
EndProject
Project("{FAE04EC0-301F-11D3-BF4B-00C04F79EFBC}") = "ProjectV1VB.Android", "ProjectV1VB.Android\ProjectV1VB.Android.csproj", "{D497658E-89D7-4671-B2BC-B9149846202D}"
EndProject
Project("{FAE04EC0-301F-11D3-BF4B-00C04F79EFBC}") = "ProjectV1VB.iOS", "ProjectV1VB.iOS\ProjectV1VB.iOS.csproj", "{CC8D4F1D-6BDC-4116-A3F0-FD7F99FBD819}"
EndProject
Project("{9A19103F-16F7-4668-BE54-9A1E7A4F7556}") = "ProjectV1VB", "ProjectV1VB\ProjectV1VB.csproj", "{10B60896-7F92-4A76-B6EA-6352A8E6ADEA}"
EndProject
Project("{FAE04EC0-301F-11D3-BF4B-00C04F79EFBC}") = "ProjectV1VBTests", "ProjectV1VBTests\ProjectV1VBTests.csproj", "{9FE10D44-C293-4E8E-93BF-0427A6AB12E9}"
EndProject
Global
	GlobalSection(SolutionConfigurationPlatforms) = preSolution
		Debug|Any CPU = Debug|Any CPU
		Debug|ARM = Debug|ARM
		Debug|iPhone = Debug|iPhone
		Debug|iPhoneSimulator = Debug|iPhoneSimulator
		Debug|x64 = Debug|x64
		Debug|x86 = Debug|x86
		Release|Any CPU = Release|Any CPU
		Release|ARM = Release|ARM
		Release|iPhone = Release|iPhone
		Release|iPhoneSimulator = Release|iPhoneSimulator
		Release|x64 = Release|x64
		Release|x86 = Release|x86
	EndGlobalSection
	GlobalSection(ProjectConfigurationPlatforms) = postSolution
		{759DF6D6-7272-44E8-97B6-37A7F48AE05F}.Debug|Any CPU.ActiveCfg = Debug|x64
		{759DF6D6-7272-44E8-97B6-37A7F48AE05F}.Debug|Any CPU.Build.0 = Debug|x64
		{759DF6D6-7272-44E8-97B6-37A7F48AE05F}.Debug|Any CPU.Deploy.0 = Debug|x64
		{759DF6D6-7272-44E8-97B6-37A7F48AE05F}.Debug|ARM.ActiveCfg = Debug|ARM
		{759DF6D6-7272-44E8-97B6-37A7F48AE05F}.Debug|ARM.Build.0 = Debug|ARM
		{759DF6D6-7272-44E8-97B6-37A7F48AE05F}.Debug|ARM.Deploy.0 = Debug|ARM
		{759DF6D6-7272-44E8-97B6-37A7F48AE05F}.Debug|iPhone.ActiveCfg = Debug|x64
		{759DF6D6-7272-44E8-97B6-37A7F48AE05F}.Debug|iPhone.Build.0 = Debug|x64
		{759DF6D6-7272-44E8-97B6-37A7F48AE05F}.Debug|iPhone.Deploy.0 = Debug|x64
		{759DF6D6-7272-44E8-97B6-37A7F48AE05F}.Debug|iPhoneSimulator.ActiveCfg = Debug|x64
		{759DF6D6-7272-44E8-97B6-37A7F48AE05F}.Debug|iPhoneSimulator.Build.0 = Debug|x64
		{759DF6D6-7272-44E8-97B6-37A7F48AE05F}.Debug|iPhoneSimulator.Deploy.0 = Debug|x64
		{759DF6D6-7272-44E8-97B6-37A7F48AE05F}.Debug|x64.ActiveCfg = Debug|x64
		{759DF6D6-7272-44E8-97B6-37A7F48AE05F}.Debug|x64.Build.0 = Debug|x64
		{759DF6D6-7272-44E8-97B6-37A7F48AE05F}.Debug|x64.Deploy.0 = Debug|x64
		{759DF6D6-7272-44E8-97B6-37A7F48AE05F}.Debug|x86.ActiveCfg = Debug|x86
		{759DF6D6-7272-44E8-97B6-37A7F48AE05F}.Debug|x86.Build.0 = Debug|x86
		{759DF6D6-7272-44E8-97B6-37A7F48AE05F}.Debug|x86.Deploy.0 = Debug|x86
		{759DF6D6-7272-44E8-97B6-37A7F48AE05F}.Release|Any CPU.ActiveCfg = Release|x64
		{759DF6D6-7272-44E8-97B6-37A7F48AE05F}.Release|Any CPU.Build.0 = Release|x64
		{759DF6D6-7272-44E8-97B6-37A7F48AE05F}.Release|Any CPU.Deploy.0 = Release|x64
		{759DF6D6-7272-44E8-97B6-37A7F48AE05F}.Release|ARM.ActiveCfg = Release|ARM
		{759DF6D6-7272-44E8-97B6-37A7F48AE05F}.Release|ARM.Build.0 = Release|ARM
		{759DF6D6-7272-44E8-97B6-37A7F48AE05F}.Release|ARM.Deploy.0 = Release|ARM
		{759DF6D6-7272-44E8-97B6-37A7F48AE05F}.Release|iPhone.ActiveCfg = Release|x64
		{759DF6D6-7272-44E8-97B6-37A7F48AE05F}.Release|iPhone.Build.0 = Release|x64
		{759DF6D6-7272-44E8-97B6-37A7F48AE05F}.Release|iPhone.Deploy.0 = Release|x64
		{759DF6D6-7272-44E8-97B6-37A7F48AE05F}.Release|iPhoneSimulator.ActiveCfg = Release|x64
		{759DF6D6-7272-44E8-97B6-37A7F48AE05F}.Release|iPhoneSimulator.Build.0 = Release|x64
		{759DF6D6-7272-44E8-97B6-37A7F48AE05F}.Release|iPhoneSimulator.Deploy.0 = Release|x64
		{759DF6D6-7272-44E8-97B6-37A7F48AE05F}.Release|x64.ActiveCfg = Release|x64
		{759DF6D6-7272-44E8-97B6-37A7F48AE05F}.Release|x64.Build.0 = Release|x64
		{759DF6D6-7272-44E8-97B6-37A7F48AE05F}.Release|x64.Deploy.0 = Release|x64
		{759DF6D6-7272-44E8-97B6-37A7F48AE05F}.Release|x86.ActiveCfg = Release|x86
		{759DF6D6-7272-44E8-97B6-37A7F48AE05F}.Release|x86.Build.0 = Release|x86
		{759DF6D6-7272-44E8-97B6-37A7F48AE05F}.Release|x86.Deploy.0 = Release|x86
		{D497658E-89D7-4671-B2BC-B9149846202D}.Debug|Any CPU.ActiveCfg = Debug|Any CPU
		{D497658E-89D7-4671-B2BC-B9149846202D}.Debug|Any CPU.Build.0 = Debug|Any CPU
		{D497658E-89D7-4671-B2BC-B9149846202D}.Debug|Any CPU.Deploy.0 = Debug|Any CPU
		{D497658E-89D7-4671-B2BC-B9149846202D}.Debug|ARM.ActiveCfg = Debug|Any CPU
		{D497658E-89D7-4671-B2BC-B9149846202D}.Debug|ARM.Build.0 = Debug|Any CPU
		{D497658E-89D7-4671-B2BC-B9149846202D}.Debug|ARM.Deploy.0 = Debug|Any CPU
		{D497658E-89D7-4671-B2BC-B9149846202D}.Debug|iPhone.ActiveCfg = Debug|Any CPU
		{D497658E-89D7-4671-B2BC-B9149846202D}.Debug|iPhone.Build.0 = Debug|Any CPU
		{D497658E-89D7-4671-B2BC-B9149846202D}.Debug|iPhone.Deploy.0 = Debug|Any CPU
		{D497658E-89D7-4671-B2BC-B9149846202D}.Debug|iPhoneSimulator.ActiveCfg = Debug|Any CPU
		{D497658E-89D7-4671-B2BC-B9149846202D}.Debug|iPhoneSimulator.Build.0 = Debug|Any CPU
		{D497658E-89D7-4671-B2BC-B9149846202D}.Debug|iPhoneSimulator.Deploy.0 = Debug|Any CPU
		{D497658E-89D7-4671-B2BC-B9149846202D}.Debug|x64.ActiveCfg = Debug|Any CPU
		{D497658E-89D7-4671-B2BC-B9149846202D}.Debug|x64.Build.0 = Debug|Any CPU
		{D497658E-89D7-4671-B2BC-B9149846202D}.Debug|x64.Deploy.0 = Debug|Any CPU
		{D497658E-89D7-4671-B2BC-B9149846202D}.Debug|x86.ActiveCfg = Debug|Any CPU
		{D497658E-89D7-4671-B2BC-B9149846202D}.Debug|x86.Build.0 = Debug|Any CPU
		{D497658E-89D7-4671-B2BC-B9149846202D}.Debug|x86.Deploy.0 = Debug|Any CPU
		{D497658E-89D7-4671-B2BC-B9149846202D}.Release|Any CPU.ActiveCfg = Release|Any CPU
		{D497658E-89D7-4671-B2BC-B9149846202D}.Release|Any CPU.Build.0 = Release|Any CPU
		{D497658E-89D7-4671-B2BC-B9149846202D}.Release|Any CPU.Deploy.0 = Release|Any CPU
		{D497658E-89D7-4671-B2BC-B9149846202D}.Release|ARM.ActiveCfg = Release|Any CPU
		{D497658E-89D7-4671-B2BC-B9149846202D}.Release|ARM.Build.0 = Release|Any CPU
		{D497658E-89D7-4671-B2BC-B9149846202D}.Release|ARM.Deploy.0 = Release|Any CPU
		{D497658E-89D7-4671-B2BC-B9149846202D}.Release|iPhone.ActiveCfg = Release|Any CPU
		{D497658E-89D7-4671-B2BC-B9149846202D}.Release|iPhone.Build.0 = Release|Any CPU
		{D497658E-89D7-4671-B2BC-B9149846202D}.Release|iPhone.Deploy.0 = Release|Any CPU
		{D497658E-89D7-4671-B2BC-B9149846202D}.Release|iPhoneSimulator.ActiveCfg = Release|Any CPU
		{D497658E-89D7-4671-B2BC-B9149846202D}.Release|iPhoneSimulator.Build.0 = Release|Any CPU
		{D497658E-89D7-4671-B2BC-B9149846202D}.Release|iPhoneSimulator.Deploy.0 = Release|Any CPU
		{D497658E-89D7-4671-B2BC-B9149846202D}.Release|x64.ActiveCfg = Release|Any CPU
		{D497658E-89D7-4671-B2BC-B9149846202D}.Release|x64.Build.0 = Release|Any CPU
		{D497658E-89D7-4671-B2BC-B9149846202D}.Release|x64.Deploy.0 = Release|Any CPU
		{D497658E-89D7-4671-B2BC-B9149846202D}.Release|x86.ActiveCfg = Release|Any CPU
		{D497658E-89D7-4671-B2BC-B9149846202D}.Release|x86.Build.0 = Release|Any CPU
		{D497658E-89D7-4671-B2BC-B9149846202D}.Release|x86.Deploy.0 = Release|Any CPU
		{CC8D4F1D-6BDC-4116-A3F0-FD7F99FBD819}.Debug|Any CPU.ActiveCfg = Debug|iPhoneSimulator
		{CC8D4F1D-6BDC-4116-A3F0-FD7F99FBD819}.Debug|Any CPU.Build.0 = Debug|iPhoneSimulator
		{CC8D4F1D-6BDC-4116-A3F0-FD7F99FBD819}.Debug|Any CPU.Deploy.0 = Debug|iPhoneSimulator
		{CC8D4F1D-6BDC-4116-A3F0-FD7F99FBD819}.Debug|ARM.ActiveCfg = Debug|iPhoneSimulator
		{CC8D4F1D-6BDC-4116-A3F0-FD7F99FBD819}.Debug|ARM.Build.0 = Debug|iPhoneSimulator
		{CC8D4F1D-6BDC-4116-A3F0-FD7F99FBD819}.Debug|ARM.Deploy.0 = Debug|iPhoneSimulator
		{CC8D4F1D-6BDC-4116-A3F0-FD7F99FBD819}.Debug|iPhone.ActiveCfg = Debug|iPhone
		{CC8D4F1D-6BDC-4116-A3F0-FD7F99FBD819}.Debug|iPhone.Build.0 = Debug|iPhone
		{CC8D4F1D-6BDC-4116-A3F0-FD7F99FBD819}.Debug|iPhone.Deploy.0 = Debug|iPhone
		{CC8D4F1D-6BDC-4116-A3F0-FD7F99FBD819}.Debug|iPhoneSimulator.ActiveCfg = Debug|iPhoneSimulator
		{CC8D4F1D-6BDC-4116-A3F0-FD7F99FBD819}.Debug|iPhoneSimulator.Build.0 = Debug|iPhoneSimulator
		{CC8D4F1D-6BDC-4116-A3F0-FD7F99FBD819}.Debug|iPhoneSimulator.Deploy.0 = Debug|iPhoneSimulator
		{CC8D4F1D-6BDC-4116-A3F0-FD7F99FBD819}.Debug|x64.ActiveCfg = Debug|iPhone
		{CC8D4F1D-6BDC-4116-A3F0-FD7F99FBD819}.Debug|x64.Build.0 = Debug|iPhone
		{CC8D4F1D-6BDC-4116-A3F0-FD7F99FBD819}.Debug|x64.Deploy.0 = Debug|iPhone
		{CC8D4F1D-6BDC-4116-A3F0-FD7F99FBD819}.Debug|x86.ActiveCfg = Debug|iPhoneSimulator
		{CC8D4F1D-6BDC-4116-A3F0-FD7F99FBD819}.Debug|x86.Build.0 = Debug|iPhoneSimulator
		{CC8D4F1D-6BDC-4116-A3F0-FD7F99FBD819}.Debug|x86.Deploy.0 = Debug|iPhoneSimulator
		{CC8D4F1D-6BDC-4116-A3F0-FD7F99FBD819}.Release|Any CPU.ActiveCfg = Release|iPhoneSimulator
		{CC8D4F1D-6BDC-4116-A3F0-FD7F99FBD819}.Release|Any CPU.Build.0 = Release|iPhoneSimulator
		{CC8D4F1D-6BDC-4116-A3F0-FD7F99FBD819}.Release|Any CPU.Deploy.0 = Release|iPhoneSimulator
		{CC8D4F1D-6BDC-4116-A3F0-FD7F99FBD819}.Release|ARM.ActiveCfg = Release|iPhoneSimulator
		{CC8D4F1D-6BDC-4116-A3F0-FD7F99FBD819}.Release|ARM.Build.0 = Release|iPhoneSimulator
		{CC8D4F1D-6BDC-4116-A3F0-FD7F99FBD819}.Release|ARM.Deploy.0 = Release|iPhoneSimulator
		{CC8D4F1D-6BDC-4116-A3F0-FD7F99FBD819}.Release|iPhone.ActiveCfg = Release|iPhone
		{CC8D4F1D-6BDC-4116-A3F0-FD7F99FBD819}.Release|iPhone.Build.0 = Release|iPhone
		{CC8D4F1D-6BDC-4116-A3F0-FD7F99FBD819}.Release|iPhone.Deploy.0 = Release|iPhone
		{CC8D4F1D-6BDC-4116-A3F0-FD7F99FBD819}.Release|iPhoneSimulator.ActiveCfg = Release|iPhoneSimulator
		{CC8D4F1D-6BDC-4116-A3F0-FD7F99FBD819}.Release|iPhoneSimulator.Build.0 = Release|iPhoneSimulator
		{CC8D4F1D-6BDC-4116-A3F0-FD7F99FBD819}.Release|iPhoneSimulator.Deploy.0 = Release|iPhoneSimulator
		{CC8D4F1D-6BDC-4116-A3F0-FD7F99FBD819}.Release|x64.ActiveCfg = Release|iPhoneSimulator
		{CC8D4F1D-6BDC-4116-A3F0-FD7F99FBD819}.Release|x64.Build.0 = Release|iPhoneSimulator
		{CC8D4F1D-6BDC-4116-A3F0-FD7F99FBD819}.Release|x64.Deploy.0 = Release|iPhoneSimulator
		{CC8D4F1D-6BDC-4116-A3F0-FD7F99FBD819}.Release|x86.ActiveCfg = Release|iPhoneSimulator
		{CC8D4F1D-6BDC-4116-A3F0-FD7F99FBD819}.Release|x86.Build.0 = Release|iPhoneSimulator
		{CC8D4F1D-6BDC-4116-A3F0-FD7F99FBD819}.Release|x86.Deploy.0 = Release|iPhoneSimulator
		{10B60896-7F92-4A76-B6EA-6352A8E6ADEA}.Debug|Any CPU.ActiveCfg = Debug|Any CPU
		{10B60896-7F92-4A76-B6EA-6352A8E6ADEA}.Debug|Any CPU.Build.0 = Debug|Any CPU
		{10B60896-7F92-4A76-B6EA-6352A8E6ADEA}.Debug|Any CPU.Deploy.0 = Debug|Any CPU
		{10B60896-7F92-4A76-B6EA-6352A8E6ADEA}.Debug|ARM.ActiveCfg = Debug|Any CPU
		{10B60896-7F92-4A76-B6EA-6352A8E6ADEA}.Debug|ARM.Build.0 = Debug|Any CPU
		{10B60896-7F92-4A76-B6EA-6352A8E6ADEA}.Debug|ARM.Deploy.0 = Debug|Any CPU
		{10B60896-7F92-4A76-B6EA-6352A8E6ADEA}.Debug|iPhone.ActiveCfg = Debug|Any CPU
		{10B60896-7F92-4A76-B6EA-6352A8E6ADEA}.Debug|iPhone.Build.0 = Debug|Any CPU
		{10B60896-7F92-4A76-B6EA-6352A8E6ADEA}.Debug|iPhone.Deploy.0 = Debug|Any CPU
		{10B60896-7F92-4A76-B6EA-6352A8E6ADEA}.Debug|iPhoneSimulator.ActiveCfg = Debug|Any CPU
		{10B60896-7F92-4A76-B6EA-6352A8E6ADEA}.Debug|iPhoneSimulator.Build.0 = Debug|Any CPU
		{10B60896-7F92-4A76-B6EA-6352A8E6ADEA}.Debug|iPhoneSimulator.Deploy.0 = Debug|Any CPU
		{10B60896-7F92-4A76-B6EA-6352A8E6ADEA}.Debug|x64.ActiveCfg = Debug|Any CPU
		{10B60896-7F92-4A76-B6EA-6352A8E6ADEA}.Debug|x64.Build.0 = Debug|Any CPU
		{10B60896-7F92-4A76-B6EA-6352A8E6ADEA}.Debug|x64.Deploy.0 = Debug|Any CPU
		{10B60896-7F92-4A76-B6EA-6352A8E6ADEA}.Debug|x86.ActiveCfg = Debug|Any CPU
		{10B60896-7F92-4A76-B6EA-6352A8E6ADEA}.Debug|x86.Build.0 = Debug|Any CPU
		{10B60896-7F92-4A76-B6EA-6352A8E6ADEA}.Debug|x86.Deploy.0 = Debug|Any CPU
		{10B60896-7F92-4A76-B6EA-6352A8E6ADEA}.Release|Any CPU.ActiveCfg = Release|Any CPU
		{10B60896-7F92-4A76-B6EA-6352A8E6ADEA}.Release|Any CPU.Build.0 = Release|Any CPU
		{10B60896-7F92-4A76-B6EA-6352A8E6ADEA}.Release|Any CPU.Deploy.0 = Release|Any CPU
		{10B60896-7F92-4A76-B6EA-6352A8E6ADEA}.Release|ARM.ActiveCfg = Release|Any CPU
		{10B60896-7F92-4A76-B6EA-6352A8E6ADEA}.Release|ARM.Build.0 = Release|Any CPU
		{10B60896-7F92-4A76-B6EA-6352A8E6ADEA}.Release|ARM.Deploy.0 = Release|Any CPU
		{10B60896-7F92-4A76-B6EA-6352A8E6ADEA}.Release|iPhone.ActiveCfg = Release|Any CPU
		{10B60896-7F92-4A76-B6EA-6352A8E6ADEA}.Release|iPhone.Build.0 = Release|Any CPU
		{10B60896-7F92-4A76-B6EA-6352A8E6ADEA}.Release|iPhone.Deploy.0 = Release|Any CPU
		{10B60896-7F92-4A76-B6EA-6352A8E6ADEA}.Release|iPhoneSimulator.ActiveCfg = Release|Any CPU
		{10B60896-7F92-4A76-B6EA-6352A8E6ADEA}.Release|iPhoneSimulator.Build.0 = Release|Any CPU
		{10B60896-7F92-4A76-B6EA-6352A8E6ADEA}.Release|iPhoneSimulator.Deploy.0 = Release|Any CPU
		{10B60896-7F92-4A76-B6EA-6352A8E6ADEA}.Release|x64.ActiveCfg = Release|Any CPU
		{10B60896-7F92-4A76-B6EA-6352A8E6ADEA}.Release|x64.Build.0 = Release|Any CPU
		{10B60896-7F92-4A76-B6EA-6352A8E6ADEA}.Release|x64.Deploy.0 = Release|Any CPU
		{10B60896-7F92-4A76-B6EA-6352A8E6ADEA}.Release|x86.ActiveCfg = Release|Any CPU
		{10B60896-7F92-4A76-B6EA-6352A8E6ADEA}.Release|x86.Build.0 = Release|Any CPU
		{10B60896-7F92-4A76-B6EA-6352A8E6ADEA}.Release|x86.Deploy.0 = Release|Any CPU
		{9FE10D44-C293-4E8E-93BF-0427A6AB12E9}.Debug|Any CPU.ActiveCfg = Debug|Any CPU
		{9FE10D44-C293-4E8E-93BF-0427A6AB12E9}.Debug|Any CPU.Build.0 = Debug|Any CPU
		{9FE10D44-C293-4E8E-93BF-0427A6AB12E9}.Debug|ARM.ActiveCfg = Debug|Any CPU
		{9FE10D44-C293-4E8E-93BF-0427A6AB12E9}.Debug|ARM.Build.0 = Debug|Any CPU
		{9FE10D44-C293-4E8E-93BF-0427A6AB12E9}.Debug|iPhone.ActiveCfg = Debug|Any CPU
		{9FE10D44-C293-4E8E-93BF-0427A6AB12E9}.Debug|iPhone.Build.0 = Debug|Any CPU
		{9FE10D44-C293-4E8E-93BF-0427A6AB12E9}.Debug|iPhoneSimulator.ActiveCfg = Debug|Any CPU
		{9FE10D44-C293-4E8E-93BF-0427A6AB12E9}.Debug|iPhoneSimulator.Build.0 = Debug|Any CPU
		{9FE10D44-C293-4E8E-93BF-0427A6AB12E9}.Debug|x64.ActiveCfg = Debug|Any CPU
		{9FE10D44-C293-4E8E-93BF-0427A6AB12E9}.Debug|x64.Build.0 = Debug|Any CPU
		{9FE10D44-C293-4E8E-93BF-0427A6AB12E9}.Debug|x86.ActiveCfg = Debug|Any CPU
		{9FE10D44-C293-4E8E-93BF-0427A6AB12E9}.Debug|x86.Build.0 = Debug|Any CPU
		{9FE10D44-C293-4E8E-93BF-0427A6AB12E9}.Release|Any CPU.ActiveCfg = Release|Any CPU
		{9FE10D44-C293-4E8E-93BF-0427A6AB12E9}.Release|Any CPU.Build.0 = Release|Any CPU
		{9FE10D44-C293-4E8E-93BF-0427A6AB12E9}.Release|ARM.ActiveCfg = Release|Any CPU
		{9FE10D44-C293-4E8E-93BF-0427A6AB12E9}.Release|ARM.Build.0 = Release|Any CPU
		{9FE10D44-C293-4E8E-93BF-0427A6AB12E9}.Release|iPhone.ActiveCfg = Release|Any CPU
		{9FE10D44-C293-4E8E-93BF-0427A6AB12E9}.Release|iPhone.Build.0 = Release|Any CPU
		{9FE10D44-C293-4E8E-93BF-0427A6AB12E9}.Release|iPhoneSimulator.ActiveCfg = Release|Any CPU
		{9FE10D44-C293-4E8E-93BF-0427A6AB12E9}.Release|iPhoneSimulator.Build.0 = Release|Any CPU
		{9FE10D44-C293-4E8E-93BF-0427A6AB12E9}.Release|x64.ActiveCfg = Release|Any CPU
		{9FE10D44-C293-4E8E-93BF-0427A6AB12E9}.Release|x64.Build.0 = Release|Any CPU
		{9FE10D44-C293-4E8E-93BF-0427A6AB12E9}.Release|x86.ActiveCfg = Release|Any CPU
		{9FE10D44-C293-4E8E-93BF-0427A6AB12E9}.Release|x86.Build.0 = Release|Any CPU
	EndGlobalSection
	GlobalSection(SolutionProperties) = preSolution
		HideSolutionNode = FALSE
	EndGlobalSection
	GlobalSection(ExtensibilityGlobals) = postSolution
		SolutionGuid = {CDF5B95D-5CA0-4FD5-B024-FA84990848DF}
	EndGlobalSection
EndGlobal
